// !$*UTF8*$!
{
	archiveVersion = 1;
	classes = {
	};
	objectVersion = 46;
	objects = {

/* Begin PBXBuildFile section */
		515184C016CC71AC007E471F /* UIKit.framework in Frameworks */ = {isa = PBXBuildFile; fileRef = 515184BF16CC71AC007E471F /* UIKit.framework */; };
		515184C216CC71AC007E471F /* Foundation.framework in Frameworks */ = {isa = PBXBuildFile; fileRef = 515184C116CC71AC007E471F /* Foundation.framework */; };
		515184C416CC71AC007E471F /* CoreGraphics.framework in Frameworks */ = {isa = PBXBuildFile; fileRef = 515184C316CC71AC007E471F /* CoreGraphics.framework */; };
		515184CA16CC71AC007E471F /* InfoPlist.strings in Resources */ = {isa = PBXBuildFile; fileRef = 515184C816CC71AC007E471F /* InfoPlist.strings */; };
		515184CC16CC71AC007E471F /* main.m in Sources */ = {isa = PBXBuildFile; fileRef = 515184CB16CC71AC007E471F /* main.m */; };
		515184D016CC71AC007E471F /* ACExampleAppDelegate.m in Sources */ = {isa = PBXBuildFile; fileRef = 515184CF16CC71AC007E471F /* ACExampleAppDelegate.m */; };
		515184D216CC71AC007E471F /* Default.png in Resources */ = {isa = PBXBuildFile; fileRef = 515184D116CC71AC007E471F /* Default.png */; };
		515184D416CC71AC007E471F /* Default@2x.png in Resources */ = {isa = PBXBuildFile; fileRef = 515184D316CC71AC007E471F /* Default@2x.png */; };
		515184D616CC71AC007E471F /* Default-568h@2x.png in Resources */ = {isa = PBXBuildFile; fileRef = 515184D516CC71AC007E471F /* Default-568h@2x.png */; };
		515184DE16CC71AC007E471F /* SenTestingKit.framework in Frameworks */ = {isa = PBXBuildFile; fileRef = 515184DD16CC71AC007E471F /* SenTestingKit.framework */; };
		515184DF16CC71AC007E471F /* UIKit.framework in Frameworks */ = {isa = PBXBuildFile; fileRef = 515184BF16CC71AC007E471F /* UIKit.framework */; };
		515184E016CC71AC007E471F /* Foundation.framework in Frameworks */ = {isa = PBXBuildFile; fileRef = 515184C116CC71AC007E471F /* Foundation.framework */; };
		515184E816CC71AC007E471F /* InfoPlist.strings in Resources */ = {isa = PBXBuildFile; fileRef = 515184E616CC71AC007E471F /* InfoPlist.strings */; };
		515184EB16CC71AC007E471F /* SimulatorRemoteNotificationsExampleTests.m in Sources */ = {isa = PBXBuildFile; fileRef = 515184EA16CC71AC007E471F /* SimulatorRemoteNotificationsExampleTests.m */; };
		5151850216CC753F007E471F /* ACMainViewController.m in Sources */ = {isa = PBXBuildFile; fileRef = 5151850016CC753F007E471F /* ACMainViewController.m */; };
		5151850516CC788B007E471F /* ACMainViewController.xib in Resources */ = {isa = PBXBuildFile; fileRef = 5151850416CC788B007E471F /* ACMainViewController.xib */; };
		5168AF8A18B9B1650061AE79 /* libSimulatorRemoteNotifications-iOS.a in Frameworks */ = {isa = PBXBuildFile; fileRef = 51D3517B18B9B0F500ECA215 /* libSimulatorRemoteNotifications-iOS.a */; };
		5168AF8B18B9B16E0061AE79 /* libSimulatorRemoteNotifications-iOS.a in Frameworks */ = {isa = PBXBuildFile; fileRef = 51D3517B18B9B0F500ECA215 /* libSimulatorRemoteNotifications-iOS.a */; };
		5188297B182AD38E00EF0ADB /* Foundation.framework in Frameworks */ = {isa = PBXBuildFile; fileRef = 515184C116CC71AC007E471F /* Foundation.framework */; };
		5188297C182AD38E00EF0ADB /* CoreGraphics.framework in Frameworks */ = {isa = PBXBuildFile; fileRef = 515184C316CC71AC007E471F /* CoreGraphics.framework */; };
		5188297D182AD38E00EF0ADB /* UIKit.framework in Frameworks */ = {isa = PBXBuildFile; fileRef = 515184BF16CC71AC007E471F /* UIKit.framework */; };
		51882983182AD38E00EF0ADB /* InfoPlist.strings in Resources */ = {isa = PBXBuildFile; fileRef = 51882981182AD38E00EF0ADB /* InfoPlist.strings */; };
		51882985182AD38E00EF0ADB /* main.m in Sources */ = {isa = PBXBuildFile; fileRef = 51882984182AD38E00EF0ADB /* main.m */; };
		51882989182AD38E00EF0ADB /* ACBackgroundExampleAppDelegate.m in Sources */ = {isa = PBXBuildFile; fileRef = 51882988182AD38E00EF0ADB /* ACBackgroundExampleAppDelegate.m */; };
		518829AE182AD3EF00EF0ADB /* ACMainViewController.m in Sources */ = {isa = PBXBuildFile; fileRef = 5151850016CC753F007E471F /* ACMainViewController.m */; };
		518829AF182AD3F700EF0ADB /* ACMainViewController.xib in Resources */ = {isa = PBXBuildFile; fileRef = 5151850416CC788B007E471F /* ACMainViewController.xib */; };
		51C4957518B9B4720062E968 /* Cocoa.framework in Frameworks */ = {isa = PBXBuildFile; fileRef = 517C989A18B801C800FC4694 /* Cocoa.framework */; };
		51C4957B18B9B4720062E968 /* InfoPlist.strings in Resources */ = {isa = PBXBuildFile; fileRef = 51C4957918B9B4720062E968 /* InfoPlist.strings */; };
		51C4957D18B9B4720062E968 /* main.m in Sources */ = {isa = PBXBuildFile; fileRef = 51C4957C18B9B4720062E968 /* main.m */; };
		51C4958118B9B4720062E968 /* Credits.rtf in Resources */ = {isa = PBXBuildFile; fileRef = 51C4957F18B9B4720062E968 /* Credits.rtf */; };
		51C4958418B9B4720062E968 /* ACAppDelegate.m in Sources */ = {isa = PBXBuildFile; fileRef = 51C4958318B9B4720062E968 /* ACAppDelegate.m */; };
		51C4958718B9B4720062E968 /* MainMenu.xib in Resources */ = {isa = PBXBuildFile; fileRef = 51C4958518B9B4720062E968 /* MainMenu.xib */; };
		51C4958918B9B4720062E968 /* Images.xcassets in Resources */ = {isa = PBXBuildFile; fileRef = 51C4958818B9B4720062E968 /* Images.xcassets */; };
		51C495A118B9C93F0062E968 /* libSimulatorRemoteNotifications-OSX.a in Frameworks */ = {isa = PBXBuildFile; fileRef = 517C989918B801C800FC4694 /* libSimulatorRemoteNotifications-OSX.a */; };
		51D01CB718B9A6A1001997E0 /* UIApplication+SimulatorRemoteNotifications.m in Sources */ = {isa = PBXBuildFile; fileRef = 51741966173A167E0073FF2B /* UIApplication+SimulatorRemoteNotifications.m */; };
		51D01CB818B9A6A1001997E0 /* ACSimulatorRemoteNotificationsService.m in Sources */ = {isa = PBXBuildFile; fileRef = 51D01CB618B9A65F001997E0 /* ACSimulatorRemoteNotificationsService.m */; };
		51D01CBE18B9A73C001997E0 /* SimulatorRemoteNotifications-Prefix.pch in Headers */ = {isa = PBXBuildFile; fileRef = 51D01CBD18B9A73C001997E0 /* SimulatorRemoteNotifications-Prefix.pch */; };
		51D3517318B9B0F500ECA215 /* UIApplication+SimulatorRemoteNotifications.m in Sources */ = {isa = PBXBuildFile; fileRef = 51741966173A167E0073FF2B /* UIApplication+SimulatorRemoteNotifications.m */; };
		51D3517418B9B0F500ECA215 /* ACSimulatorRemoteNotificationsService.m in Sources */ = {isa = PBXBuildFile; fileRef = 51D01CB618B9A65F001997E0 /* ACSimulatorRemoteNotificationsService.m */; };
		51D3517718B9B0F500ECA215 /* SimulatorRemoteNotifications-Prefix.pch in Headers */ = {isa = PBXBuildFile; fileRef = 51D01CBD18B9A73C001997E0 /* SimulatorRemoteNotifications-Prefix.pch */; };
		51EB436318B82B76002479EA /* SenTestingKit.framework in Frameworks */ = {isa = PBXBuildFile; fileRef = 515184DD16CC71AC007E471F /* SenTestingKit.framework */; };
		51EB436418B82B76002479EA /* Foundation.framework in Frameworks */ = {isa = PBXBuildFile; fileRef = 515184C116CC71AC007E471F /* Foundation.framework */; };
		51EB436518B82B76002479EA /* UIKit.framework in Frameworks */ = {isa = PBXBuildFile; fileRef = 515184BF16CC71AC007E471F /* UIKit.framework */; };
		51EB436B18B82B76002479EA /* InfoPlist.strings in Resources */ = {isa = PBXBuildFile; fileRef = 51EB436918B82B76002479EA /* InfoPlist.strings */; };
		51EB436D18B82B76002479EA /* SimulatorRemoteNotificationsBackgroundExampleTests.m in Sources */ = {isa = PBXBuildFile; fileRef = 51EB436C18B82B76002479EA /* SimulatorRemoteNotificationsBackgroundExampleTests.m */; };
/* End PBXBuildFile section */

/* Begin PBXContainerItemProxy section */
		515184E116CC71AC007E471F /* PBXContainerItemProxy */ = {
			isa = PBXContainerItemProxy;
			containerPortal = 515184B216CC71AC007E471F /* Project object */;
			proxyType = 1;
			remoteGlobalIDString = 515184BA16CC71AC007E471F;
			remoteInfo = SimulatorRemoteNotificationsExample;
		};
		51EB436F18B82B77002479EA /* PBXContainerItemProxy */ = {
			isa = PBXContainerItemProxy;
			containerPortal = 515184B216CC71AC007E471F /* Project object */;
			proxyType = 1;
			remoteGlobalIDString = 51882979182AD38E00EF0ADB;
			remoteInfo = SimulatorRemoteNotificationsBackgroundExample;
		};
/* End PBXContainerItemProxy section */

/* Begin PBXFileReference section */
		515184BB16CC71AC007E471F /* SimulatorRemoteNotificationsExample.app */ = {isa = PBXFileReference; explicitFileType = wrapper.application; includeInIndex = 0; path = SimulatorRemoteNotificationsExample.app; sourceTree = BUILT_PRODUCTS_DIR; };
		515184BF16CC71AC007E471F /* UIKit.framework */ = {isa = PBXFileReference; lastKnownFileType = wrapper.framework; name = UIKit.framework; path = System/Library/Frameworks/UIKit.framework; sourceTree = SDKROOT; };
		515184C116CC71AC007E471F /* Foundation.framework */ = {isa = PBXFileReference; lastKnownFileType = wrapper.framework; name = Foundation.framework; path = System/Library/Frameworks/Foundation.framework; sourceTree = SDKROOT; };
		515184C316CC71AC007E471F /* CoreGraphics.framework */ = {isa = PBXFileReference; lastKnownFileType = wrapper.framework; name = CoreGraphics.framework; path = System/Library/Frameworks/CoreGraphics.framework; sourceTree = SDKROOT; };
		515184C716CC71AC007E471F /* SimulatorRemoteNotificationsExample-Info.plist */ = {isa = PBXFileReference; lastKnownFileType = text.plist.xml; path = "SimulatorRemoteNotificationsExample-Info.plist"; sourceTree = "<group>"; };
		515184C916CC71AC007E471F /* en */ = {isa = PBXFileReference; lastKnownFileType = text.plist.strings; name = en; path = en.lproj/InfoPlist.strings; sourceTree = "<group>"; };
		515184CB16CC71AC007E471F /* main.m */ = {isa = PBXFileReference; lastKnownFileType = sourcecode.c.objc; path = main.m; sourceTree = "<group>"; };
		515184CD16CC71AC007E471F /* SimulatorRemoteNotificationsExample-Prefix.pch */ = {isa = PBXFileReference; lastKnownFileType = sourcecode.c.h; path = "SimulatorRemoteNotificationsExample-Prefix.pch"; sourceTree = "<group>"; };
		515184CE16CC71AC007E471F /* ACExampleAppDelegate.h */ = {isa = PBXFileReference; lastKnownFileType = sourcecode.c.h; path = ACExampleAppDelegate.h; sourceTree = "<group>"; };
		515184CF16CC71AC007E471F /* ACExampleAppDelegate.m */ = {isa = PBXFileReference; lastKnownFileType = sourcecode.c.objc; path = ACExampleAppDelegate.m; sourceTree = "<group>"; };
		515184D116CC71AC007E471F /* Default.png */ = {isa = PBXFileReference; lastKnownFileType = image.png; path = Default.png; sourceTree = "<group>"; };
		515184D316CC71AC007E471F /* Default@2x.png */ = {isa = PBXFileReference; lastKnownFileType = image.png; path = "Default@2x.png"; sourceTree = "<group>"; };
		515184D516CC71AC007E471F /* Default-568h@2x.png */ = {isa = PBXFileReference; lastKnownFileType = image.png; path = "Default-568h@2x.png"; sourceTree = "<group>"; };
		515184DC16CC71AC007E471F /* SimulatorRemoteNotificationsExampleTests.octest */ = {isa = PBXFileReference; explicitFileType = wrapper.cfbundle; includeInIndex = 0; path = SimulatorRemoteNotificationsExampleTests.octest; sourceTree = BUILT_PRODUCTS_DIR; };
		515184DD16CC71AC007E471F /* SenTestingKit.framework */ = {isa = PBXFileReference; lastKnownFileType = wrapper.framework; name = SenTestingKit.framework; path = Library/Frameworks/SenTestingKit.framework; sourceTree = DEVELOPER_DIR; };
		515184E516CC71AC007E471F /* SimulatorRemoteNotificationsExampleTests-Info.plist */ = {isa = PBXFileReference; lastKnownFileType = text.plist.xml; path = "SimulatorRemoteNotificationsExampleTests-Info.plist"; sourceTree = "<group>"; };
		515184E716CC71AC007E471F /* en */ = {isa = PBXFileReference; lastKnownFileType = text.plist.strings; name = en; path = en.lproj/InfoPlist.strings; sourceTree = "<group>"; };
		515184E916CC71AC007E471F /* SimulatorRemoteNotificationsExampleTests.h */ = {isa = PBXFileReference; lastKnownFileType = sourcecode.c.h; path = SimulatorRemoteNotificationsExampleTests.h; sourceTree = "<group>"; };
		515184EA16CC71AC007E471F /* SimulatorRemoteNotificationsExampleTests.m */ = {isa = PBXFileReference; lastKnownFileType = sourcecode.c.objc; path = SimulatorRemoteNotificationsExampleTests.m; sourceTree = "<group>"; };
		515184FF16CC753F007E471F /* ACMainViewController.h */ = {isa = PBXFileReference; fileEncoding = 4; lastKnownFileType = sourcecode.c.h; path = ACMainViewController.h; sourceTree = "<group>"; };
		5151850016CC753F007E471F /* ACMainViewController.m */ = {isa = PBXFileReference; fileEncoding = 4; lastKnownFileType = sourcecode.c.objc; path = ACMainViewController.m; sourceTree = "<group>"; };
		5151850416CC788B007E471F /* ACMainViewController.xib */ = {isa = PBXFileReference; fileEncoding = 4; lastKnownFileType = file.xib; path = ACMainViewController.xib; sourceTree = "<group>"; };
		5151850616CC79CF007E471F /* README.md */ = {isa = PBXFileReference; fileEncoding = 4; lastKnownFileType = text; path = README.md; sourceTree = "<group>"; };
		51741965173A167E0073FF2B /* UIApplication+SimulatorRemoteNotifications.h */ = {isa = PBXFileReference; fileEncoding = 4; lastKnownFileType = sourcecode.c.h; path = "UIApplication+SimulatorRemoteNotifications.h"; sourceTree = "<group>"; };
		51741966173A167E0073FF2B /* UIApplication+SimulatorRemoteNotifications.m */ = {isa = PBXFileReference; fileEncoding = 4; lastKnownFileType = sourcecode.c.objc; path = "UIApplication+SimulatorRemoteNotifications.m"; sourceTree = "<group>"; };
		517C989918B801C800FC4694 /* libSimulatorRemoteNotifications-OSX.a */ = {isa = PBXFileReference; explicitFileType = archive.ar; includeInIndex = 0; path = "libSimulatorRemoteNotifications-OSX.a"; sourceTree = BUILT_PRODUCTS_DIR; };
		517C989A18B801C800FC4694 /* Cocoa.framework */ = {isa = PBXFileReference; lastKnownFileType = wrapper.framework; name = Cocoa.framework; path = Library/Frameworks/Cocoa.framework; sourceTree = DEVELOPER_DIR; };
		517C989D18B801C800FC4694 /* Foundation.framework */ = {isa = PBXFileReference; lastKnownFileType = wrapper.framework; name = Foundation.framework; path = Library/Frameworks/Foundation.framework; sourceTree = SDKROOT; };
		517C989E18B801C800FC4694 /* CoreData.framework */ = {isa = PBXFileReference; lastKnownFileType = wrapper.framework; name = CoreData.framework; path = Library/Frameworks/CoreData.framework; sourceTree = SDKROOT; };
		517C989F18B801C800FC4694 /* AppKit.framework */ = {isa = PBXFileReference; lastKnownFileType = wrapper.framework; name = AppKit.framework; path = Library/Frameworks/AppKit.framework; sourceTree = SDKROOT; };
		5188297A182AD38E00EF0ADB /* SimulatorRemoteNotificationsBackgroundExample.app */ = {isa = PBXFileReference; explicitFileType = wrapper.application; includeInIndex = 0; path = SimulatorRemoteNotificationsBackgroundExample.app; sourceTree = BUILT_PRODUCTS_DIR; };
		51882980182AD38E00EF0ADB /* SimulatorRemoteNotificationsBackgroundExample-Info.plist */ = {isa = PBXFileReference; lastKnownFileType = text.plist.xml; path = "SimulatorRemoteNotificationsBackgroundExample-Info.plist"; sourceTree = "<group>"; };
		51882982182AD38E00EF0ADB /* en */ = {isa = PBXFileReference; lastKnownFileType = text.plist.strings; name = en; path = en.lproj/InfoPlist.strings; sourceTree = "<group>"; };
		51882984182AD38E00EF0ADB /* main.m */ = {isa = PBXFileReference; lastKnownFileType = sourcecode.c.objc; path = main.m; sourceTree = "<group>"; };
		51882986182AD38E00EF0ADB /* SimulatorRemoteNotificationsBackgroundExample-Prefix.pch */ = {isa = PBXFileReference; lastKnownFileType = sourcecode.c.h; path = "SimulatorRemoteNotificationsBackgroundExample-Prefix.pch"; sourceTree = "<group>"; };
		51882987182AD38E00EF0ADB /* ACBackgroundExampleAppDelegate.h */ = {isa = PBXFileReference; lastKnownFileType = sourcecode.c.h; path = ACBackgroundExampleAppDelegate.h; sourceTree = "<group>"; };
		51882988182AD38E00EF0ADB /* ACBackgroundExampleAppDelegate.m */ = {isa = PBXFileReference; lastKnownFileType = sourcecode.c.objc; path = ACBackgroundExampleAppDelegate.m; sourceTree = "<group>"; };
		5188299A182AD38F00EF0ADB /* XCTest.framework */ = {isa = PBXFileReference; lastKnownFileType = wrapper.framework; name = XCTest.framework; path = Library/Frameworks/XCTest.framework; sourceTree = DEVELOPER_DIR; };
		51C4957418B9B4710062E968 /* iOS Simulator Notifications.app */ = {isa = PBXFileReference; explicitFileType = wrapper.application; includeInIndex = 0; path = "iOS Simulator Notifications.app"; sourceTree = BUILT_PRODUCTS_DIR; };
		51C4957818B9B4720062E968 /* iOS Simulator Notifications-Info.plist */ = {isa = PBXFileReference; lastKnownFileType = text.plist.xml; path = "iOS Simulator Notifications-Info.plist"; sourceTree = "<group>"; };
		51C4957A18B9B4720062E968 /* en */ = {isa = PBXFileReference; lastKnownFileType = text.plist.strings; name = en; path = en.lproj/InfoPlist.strings; sourceTree = "<group>"; };
		51C4957C18B9B4720062E968 /* main.m */ = {isa = PBXFileReference; lastKnownFileType = sourcecode.c.objc; path = main.m; sourceTree = "<group>"; };
		51C4957E18B9B4720062E968 /* iOS Simulator Notifications-Prefix.pch */ = {isa = PBXFileReference; lastKnownFileType = sourcecode.c.h; path = "iOS Simulator Notifications-Prefix.pch"; sourceTree = "<group>"; };
		51C4958018B9B4720062E968 /* en */ = {isa = PBXFileReference; lastKnownFileType = text.rtf; name = en; path = en.lproj/Credits.rtf; sourceTree = "<group>"; };
		51C4958218B9B4720062E968 /* ACAppDelegate.h */ = {isa = PBXFileReference; lastKnownFileType = sourcecode.c.h; path = ACAppDelegate.h; sourceTree = "<group>"; };
		51C4958318B9B4720062E968 /* ACAppDelegate.m */ = {isa = PBXFileReference; lastKnownFileType = sourcecode.c.objc; path = ACAppDelegate.m; sourceTree = "<group>"; };
		51C4958618B9B4720062E968 /* Base */ = {isa = PBXFileReference; lastKnownFileType = file.xib; name = Base; path = Base.lproj/MainMenu.xib; sourceTree = "<group>"; };
		51C4958818B9B4720062E968 /* Images.xcassets */ = {isa = PBXFileReference; lastKnownFileType = folder.assetcatalog; path = Images.xcassets; sourceTree = "<group>"; };
		51D01CB518B9A65F001997E0 /* ACSimulatorRemoteNotificationsService.h */ = {isa = PBXFileReference; lastKnownFileType = sourcecode.c.h; path = ACSimulatorRemoteNotificationsService.h; sourceTree = "<group>"; };
		51D01CB618B9A65F001997E0 /* ACSimulatorRemoteNotificationsService.m */ = {isa = PBXFileReference; lastKnownFileType = sourcecode.c.objc; path = ACSimulatorRemoteNotificationsService.m; sourceTree = "<group>"; };
		51D01CBD18B9A73C001997E0 /* SimulatorRemoteNotifications-Prefix.pch */ = {isa = PBXFileReference; fileEncoding = 4; lastKnownFileType = sourcecode.c.h; path = "SimulatorRemoteNotifications-Prefix.pch"; sourceTree = "<group>"; };
		51D3517B18B9B0F500ECA215 /* libSimulatorRemoteNotifications-iOS.a */ = {isa = PBXFileReference; explicitFileType = archive.ar; includeInIndex = 0; path = "libSimulatorRemoteNotifications-iOS.a"; sourceTree = BUILT_PRODUCTS_DIR; };
		51EB436218B82B76002479EA /* SimulatorRemoteNotificationsBackgroundExampleTests.octest */ = {isa = PBXFileReference; explicitFileType = wrapper.cfbundle; includeInIndex = 0; path = SimulatorRemoteNotificationsBackgroundExampleTests.octest; sourceTree = BUILT_PRODUCTS_DIR; };
		51EB436818B82B76002479EA /* SimulatorRemoteNotificationsBackgroundExampleTests-Info.plist */ = {isa = PBXFileReference; lastKnownFileType = text.plist.xml; path = "SimulatorRemoteNotificationsBackgroundExampleTests-Info.plist"; sourceTree = "<group>"; };
		51EB436A18B82B76002479EA /* en */ = {isa = PBXFileReference; lastKnownFileType = text.plist.strings; name = en; path = en.lproj/InfoPlist.strings; sourceTree = "<group>"; };
		51EB436C18B82B76002479EA /* SimulatorRemoteNotificationsBackgroundExampleTests.m */ = {isa = PBXFileReference; lastKnownFileType = sourcecode.c.objc; path = SimulatorRemoteNotificationsBackgroundExampleTests.m; sourceTree = "<group>"; };
		51EB436E18B82B76002479EA /* SimulatorRemoteNotificationsBackgroundExampleTests-Prefix.pch */ = {isa = PBXFileReference; lastKnownFileType = sourcecode.c.h; path = "SimulatorRemoteNotificationsBackgroundExampleTests-Prefix.pch"; sourceTree = "<group>"; };
		51EB437418B82B8E002479EA /* SimulatorRemoteNotificationsBackgroundExampleTests.h */ = {isa = PBXFileReference; lastKnownFileType = sourcecode.c.h; path = SimulatorRemoteNotificationsBackgroundExampleTests.h; sourceTree = "<group>"; };
/* End PBXFileReference section */

/* Begin PBXFrameworksBuildPhase section */
		515184B816CC71AC007E471F /* Frameworks */ = {
			isa = PBXFrameworksBuildPhase;
			buildActionMask = 2147483647;
			files = (
				5168AF8A18B9B1650061AE79 /* libSimulatorRemoteNotifications-iOS.a in Frameworks */,
				515184C016CC71AC007E471F /* UIKit.framework in Frameworks */,
				515184C216CC71AC007E471F /* Foundation.framework in Frameworks */,
				515184C416CC71AC007E471F /* CoreGraphics.framework in Frameworks */,
			);
			runOnlyForDeploymentPostprocessing = 0;
		};
		515184D816CC71AC007E471F /* Frameworks */ = {
			isa = PBXFrameworksBuildPhase;
			buildActionMask = 2147483647;
			files = (
				515184DE16CC71AC007E471F /* SenTestingKit.framework in Frameworks */,
				515184DF16CC71AC007E471F /* UIKit.framework in Frameworks */,
				515184E016CC71AC007E471F /* Foundation.framework in Frameworks */,
			);
			runOnlyForDeploymentPostprocessing = 0;
		};
		517C989618B801C800FC4694 /* Frameworks */ = {
			isa = PBXFrameworksBuildPhase;
			buildActionMask = 2147483647;
			files = (
			);
			runOnlyForDeploymentPostprocessing = 0;
		};
		51882977182AD38E00EF0ADB /* Frameworks */ = {
			isa = PBXFrameworksBuildPhase;
			buildActionMask = 2147483647;
			files = (
				5168AF8B18B9B16E0061AE79 /* libSimulatorRemoteNotifications-iOS.a in Frameworks */,
				5188297C182AD38E00EF0ADB /* CoreGraphics.framework in Frameworks */,
				5188297D182AD38E00EF0ADB /* UIKit.framework in Frameworks */,
				5188297B182AD38E00EF0ADB /* Foundation.framework in Frameworks */,
			);
			runOnlyForDeploymentPostprocessing = 0;
		};
		51C4957118B9B4710062E968 /* Frameworks */ = {
			isa = PBXFrameworksBuildPhase;
			buildActionMask = 2147483647;
			files = (
				51C495A118B9C93F0062E968 /* libSimulatorRemoteNotifications-OSX.a in Frameworks */,
				51C4957518B9B4720062E968 /* Cocoa.framework in Frameworks */,
			);
			runOnlyForDeploymentPostprocessing = 0;
		};
		51D3517518B9B0F500ECA215 /* Frameworks */ = {
			isa = PBXFrameworksBuildPhase;
			buildActionMask = 2147483647;
			files = (
			);
			runOnlyForDeploymentPostprocessing = 0;
		};
		51EB435F18B82B76002479EA /* Frameworks */ = {
			isa = PBXFrameworksBuildPhase;
			buildActionMask = 2147483647;
			files = (
				51EB436318B82B76002479EA /* SenTestingKit.framework in Frameworks */,
				51EB436518B82B76002479EA /* UIKit.framework in Frameworks */,
				51EB436418B82B76002479EA /* Foundation.framework in Frameworks */,
			);
			runOnlyForDeploymentPostprocessing = 0;
		};
/* End PBXFrameworksBuildPhase section */

/* Begin PBXGroup section */
		515184B016CC71AC007E471F = {
			isa = PBXGroup;
			children = (
				5151850616CC79CF007E471F /* README.md */,
				51741964173A167E0073FF2B /* SimulatorRemoteNotifications */,
				515184C516CC71AC007E471F /* SimulatorRemoteNotificationsExample */,
				515184E316CC71AC007E471F /* SimulatorRemoteNotificationsExampleTests */,
				5188297E182AD38E00EF0ADB /* SimulatorRemoteNotificationsBackgroundExample */,
				51EB436618B82B76002479EA /* SimulatorRemoteNotificationsBackgroundExampleTests */,
				51C4957618B9B4720062E968 /* iOS Simulator Notifications */,
				515184BE16CC71AC007E471F /* Frameworks */,
				515184BC16CC71AC007E471F /* Products */,
			);
			sourceTree = "<group>";
		};
		515184BC16CC71AC007E471F /* Products */ = {
			isa = PBXGroup;
			children = (
				515184BB16CC71AC007E471F /* SimulatorRemoteNotificationsExample.app */,
				515184DC16CC71AC007E471F /* SimulatorRemoteNotificationsExampleTests.octest */,
				5188297A182AD38E00EF0ADB /* SimulatorRemoteNotificationsBackgroundExample.app */,
				517C989918B801C800FC4694 /* libSimulatorRemoteNotifications-OSX.a */,
				51EB436218B82B76002479EA /* SimulatorRemoteNotificationsBackgroundExampleTests.octest */,
				51D3517B18B9B0F500ECA215 /* libSimulatorRemoteNotifications-iOS.a */,
				51C4957418B9B4710062E968 /* iOS Simulator Notifications.app */,
			);
			name = Products;
			sourceTree = "<group>";
		};
		515184BE16CC71AC007E471F /* Frameworks */ = {
			isa = PBXGroup;
			children = (
				515184BF16CC71AC007E471F /* UIKit.framework */,
				515184C116CC71AC007E471F /* Foundation.framework */,
				515184C316CC71AC007E471F /* CoreGraphics.framework */,
				515184DD16CC71AC007E471F /* SenTestingKit.framework */,
				5188299A182AD38F00EF0ADB /* XCTest.framework */,
				517C989A18B801C800FC4694 /* Cocoa.framework */,
				517C989C18B801C800FC4694 /* Other Frameworks */,
			);
			name = Frameworks;
			sourceTree = "<group>";
		};
		515184C516CC71AC007E471F /* SimulatorRemoteNotificationsExample */ = {
			isa = PBXGroup;
			children = (
				515184CE16CC71AC007E471F /* ACExampleAppDelegate.h */,
				515184CF16CC71AC007E471F /* ACExampleAppDelegate.m */,
				515184FF16CC753F007E471F /* ACMainViewController.h */,
				5151850016CC753F007E471F /* ACMainViewController.m */,
				5151850416CC788B007E471F /* ACMainViewController.xib */,
				515184C616CC71AC007E471F /* Supporting Files */,
			);
			path = SimulatorRemoteNotificationsExample;
			sourceTree = "<group>";
		};
		515184C616CC71AC007E471F /* Supporting Files */ = {
			isa = PBXGroup;
			children = (
				515184C716CC71AC007E471F /* SimulatorRemoteNotificationsExample-Info.plist */,
				515184C816CC71AC007E471F /* InfoPlist.strings */,
				515184CB16CC71AC007E471F /* main.m */,
				515184CD16CC71AC007E471F /* SimulatorRemoteNotificationsExample-Prefix.pch */,
				515184D116CC71AC007E471F /* Default.png */,
				515184D316CC71AC007E471F /* Default@2x.png */,
				515184D516CC71AC007E471F /* Default-568h@2x.png */,
			);
			name = "Supporting Files";
			sourceTree = "<group>";
		};
		515184E316CC71AC007E471F /* SimulatorRemoteNotificationsExampleTests */ = {
			isa = PBXGroup;
			children = (
				515184E916CC71AC007E471F /* SimulatorRemoteNotificationsExampleTests.h */,
				515184EA16CC71AC007E471F /* SimulatorRemoteNotificationsExampleTests.m */,
				515184E416CC71AC007E471F /* Supporting Files */,
			);
			path = SimulatorRemoteNotificationsExampleTests;
			sourceTree = "<group>";
		};
		515184E416CC71AC007E471F /* Supporting Files */ = {
			isa = PBXGroup;
			children = (
				515184E516CC71AC007E471F /* SimulatorRemoteNotificationsExampleTests-Info.plist */,
				515184E616CC71AC007E471F /* InfoPlist.strings */,
			);
			name = "Supporting Files";
			sourceTree = "<group>";
		};
		51741964173A167E0073FF2B /* SimulatorRemoteNotifications */ = {
			isa = PBXGroup;
			children = (
				51741965173A167E0073FF2B /* UIApplication+SimulatorRemoteNotifications.h */,
				51741966173A167E0073FF2B /* UIApplication+SimulatorRemoteNotifications.m */,
				51D01CB518B9A65F001997E0 /* ACSimulatorRemoteNotificationsService.h */,
				51D01CB618B9A65F001997E0 /* ACSimulatorRemoteNotificationsService.m */,
				51D01CBD18B9A73C001997E0 /* SimulatorRemoteNotifications-Prefix.pch */,
			);
			path = SimulatorRemoteNotifications;
			sourceTree = "<group>";
		};
		517C989C18B801C800FC4694 /* Other Frameworks */ = {
			isa = PBXGroup;
			children = (
				517C989D18B801C800FC4694 /* Foundation.framework */,
				517C989E18B801C800FC4694 /* CoreData.framework */,
				517C989F18B801C800FC4694 /* AppKit.framework */,
			);
			name = "Other Frameworks";
			sourceTree = "<group>";
		};
		5188297E182AD38E00EF0ADB /* SimulatorRemoteNotificationsBackgroundExample */ = {
			isa = PBXGroup;
			children = (
				51882987182AD38E00EF0ADB /* ACBackgroundExampleAppDelegate.h */,
				51882988182AD38E00EF0ADB /* ACBackgroundExampleAppDelegate.m */,
				5188297F182AD38E00EF0ADB /* Supporting Files */,
			);
			path = SimulatorRemoteNotificationsBackgroundExample;
			sourceTree = "<group>";
		};
		5188297F182AD38E00EF0ADB /* Supporting Files */ = {
			isa = PBXGroup;
			children = (
				51882980182AD38E00EF0ADB /* SimulatorRemoteNotificationsBackgroundExample-Info.plist */,
				51882981182AD38E00EF0ADB /* InfoPlist.strings */,
				51882984182AD38E00EF0ADB /* main.m */,
				51882986182AD38E00EF0ADB /* SimulatorRemoteNotificationsBackgroundExample-Prefix.pch */,
			);
			name = "Supporting Files";
			sourceTree = "<group>";
		};
		51C4957618B9B4720062E968 /* iOS Simulator Notifications */ = {
			isa = PBXGroup;
			children = (
				51C4958218B9B4720062E968 /* ACAppDelegate.h */,
				51C4958318B9B4720062E968 /* ACAppDelegate.m */,
				51C4958518B9B4720062E968 /* MainMenu.xib */,
				51C4958818B9B4720062E968 /* Images.xcassets */,
				51C4957718B9B4720062E968 /* Supporting Files */,
			);
			path = "iOS Simulator Notifications";
			sourceTree = "<group>";
		};
		51C4957718B9B4720062E968 /* Supporting Files */ = {
			isa = PBXGroup;
			children = (
				51C4957818B9B4720062E968 /* iOS Simulator Notifications-Info.plist */,
				51C4957918B9B4720062E968 /* InfoPlist.strings */,
				51C4957C18B9B4720062E968 /* main.m */,
				51C4957E18B9B4720062E968 /* iOS Simulator Notifications-Prefix.pch */,
				51C4957F18B9B4720062E968 /* Credits.rtf */,
			);
			name = "Supporting Files";
			sourceTree = "<group>";
		};
		51EB436618B82B76002479EA /* SimulatorRemoteNotificationsBackgroundExampleTests */ = {
			isa = PBXGroup;
			children = (
				51EB437418B82B8E002479EA /* SimulatorRemoteNotificationsBackgroundExampleTests.h */,
				51EB436C18B82B76002479EA /* SimulatorRemoteNotificationsBackgroundExampleTests.m */,
				51EB436718B82B76002479EA /* Supporting Files */,
			);
			path = SimulatorRemoteNotificationsBackgroundExampleTests;
			sourceTree = "<group>";
		};
		51EB436718B82B76002479EA /* Supporting Files */ = {
			isa = PBXGroup;
			children = (
				51EB436818B82B76002479EA /* SimulatorRemoteNotificationsBackgroundExampleTests-Info.plist */,
				51EB436918B82B76002479EA /* InfoPlist.strings */,
				51EB436E18B82B76002479EA /* SimulatorRemoteNotificationsBackgroundExampleTests-Prefix.pch */,
			);
			name = "Supporting Files";
			sourceTree = "<group>";
		};
/* End PBXGroup section */

/* Begin PBXHeadersBuildPhase section */
		517C989718B801C800FC4694 /* Headers */ = {
			isa = PBXHeadersBuildPhase;
			buildActionMask = 2147483647;
			files = (
				51D01CBE18B9A73C001997E0 /* SimulatorRemoteNotifications-Prefix.pch in Headers */,
			);
			runOnlyForDeploymentPostprocessing = 0;
		};
		51D3517618B9B0F500ECA215 /* Headers */ = {
			isa = PBXHeadersBuildPhase;
			buildActionMask = 2147483647;
			files = (
				51D3517718B9B0F500ECA215 /* SimulatorRemoteNotifications-Prefix.pch in Headers */,
			);
			runOnlyForDeploymentPostprocessing = 0;
		};
/* End PBXHeadersBuildPhase section */

/* Begin PBXLegacyTarget section */
		5186E8D118B9A086007CA8E5 /* Documentation */ = {
			isa = PBXLegacyTarget;
			buildArgumentsString = "--project-name \"SimulatorRemoteNotifications\"\n--project-company \"Arnaud Coomans\"\n--company-id \"com.acoomans\"\n--output build\n--create-docset \n--install-docset \n--create-html \n--exit-threshold 2 \n--no-repeat-first-par \n.";
			buildConfigurationList = 5186E8D418B9A086007CA8E5 /* Build configuration list for PBXLegacyTarget "Documentation" */;
			buildPhases = (
			);
			buildToolPath = /usr/local/bin/appledoc;
			buildWorkingDirectory = "";
			dependencies = (
			);
			name = Documentation;
			passBuildSettingsInEnvironment = 1;
			productName = Documentation;
		};
/* End PBXLegacyTarget section */

/* Begin PBXNativeTarget section */
		515184BA16CC71AC007E471F /* SimulatorRemoteNotificationsExample */ = {
			isa = PBXNativeTarget;
			buildConfigurationList = 515184EE16CC71AC007E471F /* Build configuration list for PBXNativeTarget "SimulatorRemoteNotificationsExample" */;
			buildPhases = (
				515184B716CC71AC007E471F /* Sources */,
				515184B816CC71AC007E471F /* Frameworks */,
				515184B916CC71AC007E471F /* Resources */,
			);
			buildRules = (
			);
			dependencies = (
			);
			name = SimulatorRemoteNotificationsExample;
			productName = SimulatorRemoteNotificationsExample;
			productReference = 515184BB16CC71AC007E471F /* SimulatorRemoteNotificationsExample.app */;
			productType = "com.apple.product-type.application";
		};
		515184DB16CC71AC007E471F /* SimulatorRemoteNotificationsExampleTests */ = {
			isa = PBXNativeTarget;
			buildConfigurationList = 515184F116CC71AC007E471F /* Build configuration list for PBXNativeTarget "SimulatorRemoteNotificationsExampleTests" */;
			buildPhases = (
				515184D716CC71AC007E471F /* Sources */,
				515184D816CC71AC007E471F /* Frameworks */,
				515184D916CC71AC007E471F /* Resources */,
				515184DA16CC71AC007E471F /* ShellScript */,
			);
			buildRules = (
			);
			dependencies = (
				515184E216CC71AC007E471F /* PBXTargetDependency */,
			);
			name = SimulatorRemoteNotificationsExampleTests;
			productName = SimulatorRemoteNotificationsExampleTests;
			productReference = 515184DC16CC71AC007E471F /* SimulatorRemoteNotificationsExampleTests.octest */;
			productType = "com.apple.product-type.bundle";
		};
		517C989818B801C800FC4694 /* SimulatorRemoteNotifications-OSX */ = {
			isa = PBXNativeTarget;
			buildConfigurationList = 517C98BC18B801C800FC4694 /* Build configuration list for PBXNativeTarget "SimulatorRemoteNotifications-OSX" */;
			buildPhases = (
				517C989518B801C800FC4694 /* Sources */,
				517C989618B801C800FC4694 /* Frameworks */,
				517C989718B801C800FC4694 /* Headers */,
			);
			buildRules = (
			);
			dependencies = (
			);
			name = "SimulatorRemoteNotifications-OSX";
			productName = SimulatorRemoteNotificationsLib;
			productReference = 517C989918B801C800FC4694 /* libSimulatorRemoteNotifications-OSX.a */;
			productType = "com.apple.product-type.library.static";
		};
		51882979182AD38E00EF0ADB /* SimulatorRemoteNotificationsBackgroundExample */ = {
			isa = PBXNativeTarget;
			buildConfigurationList = 518829AC182AD38F00EF0ADB /* Build configuration list for PBXNativeTarget "SimulatorRemoteNotificationsBackgroundExample" */;
			buildPhases = (
				51882976182AD38E00EF0ADB /* Sources */,
				51882977182AD38E00EF0ADB /* Frameworks */,
				51882978182AD38E00EF0ADB /* Resources */,
			);
			buildRules = (
			);
			dependencies = (
			);
			name = SimulatorRemoteNotificationsBackgroundExample;
			productName = SimulatorRemoteNotificationsBackgroundExample;
			productReference = 5188297A182AD38E00EF0ADB /* SimulatorRemoteNotificationsBackgroundExample.app */;
			productType = "com.apple.product-type.application";
		};
		51C4957318B9B4710062E968 /* iOS Simulator Notifications */ = {
			isa = PBXNativeTarget;
			buildConfigurationList = 51C4959F18B9B4720062E968 /* Build configuration list for PBXNativeTarget "iOS Simulator Notifications" */;
			buildPhases = (
				51C4957018B9B4710062E968 /* Sources */,
				51C4957118B9B4710062E968 /* Frameworks */,
				51C4957218B9B4710062E968 /* Resources */,
			);
			buildRules = (
			);
			dependencies = (
			);
			name = "iOS Simulator Notifications";
			productName = "iOS Simulator Notifications";
			productReference = 51C4957418B9B4710062E968 /* iOS Simulator Notifications.app */;
			productType = "com.apple.product-type.application";
		};
		51D3517118B9B0F500ECA215 /* SimulatorRemoteNotifications-iOS */ = {
			isa = PBXNativeTarget;
			buildConfigurationList = 51D3517818B9B0F500ECA215 /* Build configuration list for PBXNativeTarget "SimulatorRemoteNotifications-iOS" */;
			buildPhases = (
				51D3517218B9B0F500ECA215 /* Sources */,
				51D3517518B9B0F500ECA215 /* Frameworks */,
				51D3517618B9B0F500ECA215 /* Headers */,
			);
			buildRules = (
			);
			dependencies = (
			);
			name = "SimulatorRemoteNotifications-iOS";
			productName = SimulatorRemoteNotificationsLib;
			productReference = 51D3517B18B9B0F500ECA215 /* libSimulatorRemoteNotifications-iOS.a */;
			productType = "com.apple.product-type.library.static";
		};
		51EB436118B82B76002479EA /* SimulatorRemoteNotificationsBackgroundExampleTests */ = {
			isa = PBXNativeTarget;
			buildConfigurationList = 51EB437118B82B77002479EA /* Build configuration list for PBXNativeTarget "SimulatorRemoteNotificationsBackgroundExampleTests" */;
			buildPhases = (
				51EB435E18B82B76002479EA /* Sources */,
				51EB435F18B82B76002479EA /* Frameworks */,
				51EB436018B82B76002479EA /* Resources */,
			);
			buildRules = (
			);
			dependencies = (
				51EB437018B82B77002479EA /* PBXTargetDependency */,
			);
			name = SimulatorRemoteNotificationsBackgroundExampleTests;
			productName = SimulatorRemoteNotificationsBackgroundExampleTests;
			productReference = 51EB436218B82B76002479EA /* SimulatorRemoteNotificationsBackgroundExampleTests.octest */;
			productType = "com.apple.product-type.bundle";
		};
/* End PBXNativeTarget section */

/* Begin PBXProject section */
		515184B216CC71AC007E471F /* Project object */ = {
			isa = PBXProject;
			attributes = {
				CLASSPREFIX = AC;
				LastUpgradeCheck = 0500;
				ORGANIZATIONNAME = acoomans;
				TargetAttributes = {
					51EB436118B82B76002479EA = {
						TestTargetID = 51882979182AD38E00EF0ADB;
					};
				};
			};
			buildConfigurationList = 515184B516CC71AC007E471F /* Build configuration list for PBXProject "SimulatorRemoteNotifications" */;
			compatibilityVersion = "Xcode 3.2";
			developmentRegion = English;
			hasScannedForEncodings = 0;
			knownRegions = (
				en,
				Base,
			);
			mainGroup = 515184B016CC71AC007E471F;
			productRefGroup = 515184BC16CC71AC007E471F /* Products */;
			projectDirPath = "";
			projectRoot = "";
			targets = (
				517C989818B801C800FC4694 /* SimulatorRemoteNotifications-OSX */,
				51D3517118B9B0F500ECA215 /* SimulatorRemoteNotifications-iOS */,
				515184BA16CC71AC007E471F /* SimulatorRemoteNotificationsExample */,
				515184DB16CC71AC007E471F /* SimulatorRemoteNotificationsExampleTests */,
				51882979182AD38E00EF0ADB /* SimulatorRemoteNotificationsBackgroundExample */,
				51EB436118B82B76002479EA /* SimulatorRemoteNotificationsBackgroundExampleTests */,
				51C4957318B9B4710062E968 /* iOS Simulator Notifications */,
				5186E8D118B9A086007CA8E5 /* Documentation */,
			);
		};
/* End PBXProject section */

/* Begin PBXResourcesBuildPhase section */
		515184B916CC71AC007E471F /* Resources */ = {
			isa = PBXResourcesBuildPhase;
			buildActionMask = 2147483647;
			files = (
				515184CA16CC71AC007E471F /* InfoPlist.strings in Resources */,
				515184D216CC71AC007E471F /* Default.png in Resources */,
				515184D416CC71AC007E471F /* Default@2x.png in Resources */,
				515184D616CC71AC007E471F /* Default-568h@2x.png in Resources */,
				5151850516CC788B007E471F /* ACMainViewController.xib in Resources */,
			);
			runOnlyForDeploymentPostprocessing = 0;
		};
		515184D916CC71AC007E471F /* Resources */ = {
			isa = PBXResourcesBuildPhase;
			buildActionMask = 2147483647;
			files = (
				515184E816CC71AC007E471F /* InfoPlist.strings in Resources */,
			);
			runOnlyForDeploymentPostprocessing = 0;
		};
		51882978182AD38E00EF0ADB /* Resources */ = {
			isa = PBXResourcesBuildPhase;
			buildActionMask = 2147483647;
			files = (
				518829AF182AD3F700EF0ADB /* ACMainViewController.xib in Resources */,
				51882983182AD38E00EF0ADB /* InfoPlist.strings in Resources */,
			);
			runOnlyForDeploymentPostprocessing = 0;
		};
		51C4957218B9B4710062E968 /* Resources */ = {
			isa = PBXResourcesBuildPhase;
			buildActionMask = 2147483647;
			files = (
				51C4957B18B9B4720062E968 /* InfoPlist.strings in Resources */,
				51C4958918B9B4720062E968 /* Images.xcassets in Resources */,
				51C4958118B9B4720062E968 /* Credits.rtf in Resources */,
				51C4958718B9B4720062E968 /* MainMenu.xib in Resources */,
			);
			runOnlyForDeploymentPostprocessing = 0;
		};
		51EB436018B82B76002479EA /* Resources */ = {
			isa = PBXResourcesBuildPhase;
			buildActionMask = 2147483647;
			files = (
				51EB436B18B82B76002479EA /* InfoPlist.strings in Resources */,
			);
			runOnlyForDeploymentPostprocessing = 0;
		};
/* End PBXResourcesBuildPhase section */

/* Begin PBXShellScriptBuildPhase section */
		515184DA16CC71AC007E471F /* ShellScript */ = {
			isa = PBXShellScriptBuildPhase;
			buildActionMask = 2147483647;
			files = (
			);
			inputPaths = (
			);
			outputPaths = (
			);
			runOnlyForDeploymentPostprocessing = 0;
			shellPath = /bin/sh;
			shellScript = "# Run the unit tests in this test bundle.\n\"${SYSTEM_DEVELOPER_DIR}/Tools/RunUnitTests\"\n";
		};
/* End PBXShellScriptBuildPhase section */

/* Begin PBXSourcesBuildPhase section */
		515184B716CC71AC007E471F /* Sources */ = {
			isa = PBXSourcesBuildPhase;
			buildActionMask = 2147483647;
			files = (
				515184CC16CC71AC007E471F /* main.m in Sources */,
				515184D016CC71AC007E471F /* ACExampleAppDelegate.m in Sources */,
				5151850216CC753F007E471F /* ACMainViewController.m in Sources */,
			);
			runOnlyForDeploymentPostprocessing = 0;
		};
		515184D716CC71AC007E471F /* Sources */ = {
			isa = PBXSourcesBuildPhase;
			buildActionMask = 2147483647;
			files = (
				515184EB16CC71AC007E471F /* SimulatorRemoteNotificationsExampleTests.m in Sources */,
			);
			runOnlyForDeploymentPostprocessing = 0;
		};
		517C989518B801C800FC4694 /* Sources */ = {
			isa = PBXSourcesBuildPhase;
			buildActionMask = 2147483647;
			files = (
				51D01CB718B9A6A1001997E0 /* UIApplication+SimulatorRemoteNotifications.m in Sources */,
				51D01CB818B9A6A1001997E0 /* ACSimulatorRemoteNotificationsService.m in Sources */,
			);
			runOnlyForDeploymentPostprocessing = 0;
		};
		51882976182AD38E00EF0ADB /* Sources */ = {
			isa = PBXSourcesBuildPhase;
			buildActionMask = 2147483647;
			files = (
				51882989182AD38E00EF0ADB /* ACBackgroundExampleAppDelegate.m in Sources */,
				518829AE182AD3EF00EF0ADB /* ACMainViewController.m in Sources */,
				51882985182AD38E00EF0ADB /* main.m in Sources */,
			);
			runOnlyForDeploymentPostprocessing = 0;
		};
		51C4957018B9B4710062E968 /* Sources */ = {
			isa = PBXSourcesBuildPhase;
			buildActionMask = 2147483647;
			files = (
				51C4958418B9B4720062E968 /* ACAppDelegate.m in Sources */,
				51C4957D18B9B4720062E968 /* main.m in Sources */,
			);
			runOnlyForDeploymentPostprocessing = 0;
		};
		51D3517218B9B0F500ECA215 /* Sources */ = {
			isa = PBXSourcesBuildPhase;
			buildActionMask = 2147483647;
			files = (
				51D3517318B9B0F500ECA215 /* UIApplication+SimulatorRemoteNotifications.m in Sources */,
				51D3517418B9B0F500ECA215 /* ACSimulatorRemoteNotificationsService.m in Sources */,
			);
			runOnlyForDeploymentPostprocessing = 0;
		};
		51EB435E18B82B76002479EA /* Sources */ = {
			isa = PBXSourcesBuildPhase;
			buildActionMask = 2147483647;
			files = (
				51EB436D18B82B76002479EA /* SimulatorRemoteNotificationsBackgroundExampleTests.m in Sources */,
			);
			runOnlyForDeploymentPostprocessing = 0;
		};
/* End PBXSourcesBuildPhase section */

/* Begin PBXTargetDependency section */
		515184E216CC71AC007E471F /* PBXTargetDependency */ = {
			isa = PBXTargetDependency;
			target = 515184BA16CC71AC007E471F /* SimulatorRemoteNotificationsExample */;
			targetProxy = 515184E116CC71AC007E471F /* PBXContainerItemProxy */;
		};
		51EB437018B82B77002479EA /* PBXTargetDependency */ = {
			isa = PBXTargetDependency;
			target = 51882979182AD38E00EF0ADB /* SimulatorRemoteNotificationsBackgroundExample */;
			targetProxy = 51EB436F18B82B77002479EA /* PBXContainerItemProxy */;
		};
/* End PBXTargetDependency section */

/* Begin PBXVariantGroup section */
		515184C816CC71AC007E471F /* InfoPlist.strings */ = {
			isa = PBXVariantGroup;
			children = (
				515184C916CC71AC007E471F /* en */,
			);
			name = InfoPlist.strings;
			sourceTree = "<group>";
		};
		515184E616CC71AC007E471F /* InfoPlist.strings */ = {
			isa = PBXVariantGroup;
			children = (
				515184E716CC71AC007E471F /* en */,
			);
			name = InfoPlist.strings;
			sourceTree = "<group>";
		};
		51882981182AD38E00EF0ADB /* InfoPlist.strings */ = {
			isa = PBXVariantGroup;
			children = (
				51882982182AD38E00EF0ADB /* en */,
			);
			name = InfoPlist.strings;
			sourceTree = "<group>";
		};
		51C4957918B9B4720062E968 /* InfoPlist.strings */ = {
			isa = PBXVariantGroup;
			children = (
				51C4957A18B9B4720062E968 /* en */,
			);
			name = InfoPlist.strings;
			sourceTree = "<group>";
		};
		51C4957F18B9B4720062E968 /* Credits.rtf */ = {
			isa = PBXVariantGroup;
			children = (
				51C4958018B9B4720062E968 /* en */,
			);
			name = Credits.rtf;
			sourceTree = "<group>";
		};
		51C4958518B9B4720062E968 /* MainMenu.xib */ = {
			isa = PBXVariantGroup;
			children = (
				51C4958618B9B4720062E968 /* Base */,
			);
			name = MainMenu.xib;
			sourceTree = "<group>";
		};
		51EB436918B82B76002479EA /* InfoPlist.strings */ = {
			isa = PBXVariantGroup;
			children = (
				51EB436A18B82B76002479EA /* en */,
			);
			name = InfoPlist.strings;
			sourceTree = "<group>";
		};
/* End PBXVariantGroup section */

/* Begin XCBuildConfiguration section */
		515184EC16CC71AC007E471F /* Debug */ = {
			isa = XCBuildConfiguration;
			buildSettings = {
				ALWAYS_SEARCH_USER_PATHS = NO;
				CLANG_CXX_LANGUAGE_STANDARD = "gnu++0x";
				CLANG_CXX_LIBRARY = "libc++";
				CLANG_ENABLE_OBJC_ARC = YES;
				CLANG_WARN_EMPTY_BODY = YES;
				CLANG_WARN__DUPLICATE_METHOD_MATCH = YES;
				"CODE_SIGN_IDENTITY[sdk=iphoneos*]" = "iPhone Developer";
				COPY_PHASE_STRIP = NO;
				GCC_C_LANGUAGE_STANDARD = gnu99;
				GCC_DYNAMIC_NO_PIC = NO;
				GCC_OPTIMIZATION_LEVEL = 0;
				GCC_PREPROCESSOR_DEFINITIONS = (
					"DEBUG=1",
					"$(inherited)",
				);
				GCC_SYMBOLS_PRIVATE_EXTERN = NO;
				GCC_WARN_ABOUT_RETURN_TYPE = YES;
				GCC_WARN_UNINITIALIZED_AUTOS = YES;
				GCC_WARN_UNUSED_VARIABLE = YES;
				IPHONEOS_DEPLOYMENT_TARGET = 6.0;
				ONLY_ACTIVE_ARCH = YES;
				SDKROOT = iphoneos;
				TARGETED_DEVICE_FAMILY = "1,2";
			};
			name = Debug;
		};
		515184ED16CC71AC007E471F /* Release */ = {
			isa = XCBuildConfiguration;
			buildSettings = {
				ALWAYS_SEARCH_USER_PATHS = NO;
				CLANG_CXX_LANGUAGE_STANDARD = "gnu++0x";
				CLANG_CXX_LIBRARY = "libc++";
				CLANG_ENABLE_OBJC_ARC = YES;
				CLANG_WARN_EMPTY_BODY = YES;
				CLANG_WARN__DUPLICATE_METHOD_MATCH = YES;
				"CODE_SIGN_IDENTITY[sdk=iphoneos*]" = "iPhone Developer";
				COPY_PHASE_STRIP = YES;
				GCC_C_LANGUAGE_STANDARD = gnu99;
				GCC_WARN_ABOUT_RETURN_TYPE = YES;
				GCC_WARN_UNINITIALIZED_AUTOS = YES;
				GCC_WARN_UNUSED_VARIABLE = YES;
				IPHONEOS_DEPLOYMENT_TARGET = 6.0;
				OTHER_CFLAGS = "-DNS_BLOCK_ASSERTIONS=1";
				SDKROOT = iphoneos;
				TARGETED_DEVICE_FAMILY = "1,2";
				VALIDATE_PRODUCT = YES;
			};
			name = Release;
		};
		515184EF16CC71AC007E471F /* Debug */ = {
			isa = XCBuildConfiguration;
			buildSettings = {
				GCC_PRECOMPILE_PREFIX_HEADER = YES;
				GCC_PREFIX_HEADER = "SimulatorRemoteNotificationsExample/SimulatorRemoteNotificationsExample-Prefix.pch";
				INFOPLIST_FILE = "SimulatorRemoteNotificationsExample/SimulatorRemoteNotificationsExample-Info.plist";
				OTHER_LDFLAGS = "-ObjC";
				PRODUCT_NAME = "$(TARGET_NAME)";
				WRAPPER_EXTENSION = app;
			};
			name = Debug;
		};
		515184F016CC71AC007E471F /* Release */ = {
			isa = XCBuildConfiguration;
			buildSettings = {
				GCC_PRECOMPILE_PREFIX_HEADER = YES;
				GCC_PREFIX_HEADER = "SimulatorRemoteNotificationsExample/SimulatorRemoteNotificationsExample-Prefix.pch";
				INFOPLIST_FILE = "SimulatorRemoteNotificationsExample/SimulatorRemoteNotificationsExample-Info.plist";
				OTHER_LDFLAGS = "-ObjC";
				PRODUCT_NAME = "$(TARGET_NAME)";
				WRAPPER_EXTENSION = app;
			};
			name = Release;
		};
		515184F216CC71AC007E471F /* Debug */ = {
			isa = XCBuildConfiguration;
			buildSettings = {
				BUNDLE_LOADER = "$(BUILT_PRODUCTS_DIR)/SimulatorRemoteNotificationsExample.app/SimulatorRemoteNotificationsExample";
				FRAMEWORK_SEARCH_PATHS = (
					"\"$(SDKROOT)/Developer/Library/Frameworks\"",
					"\"$(DEVELOPER_LIBRARY_DIR)/Frameworks\"",
				);
				GCC_PRECOMPILE_PREFIX_HEADER = YES;
				GCC_PREFIX_HEADER = "SimulatorRemoteNotificationsExample/SimulatorRemoteNotificationsExample-Prefix.pch";
				INFOPLIST_FILE = "SimulatorRemoteNotificationsExampleTests/SimulatorRemoteNotificationsExampleTests-Info.plist";
				PRODUCT_NAME = "$(TARGET_NAME)";
				TEST_HOST = "$(BUNDLE_LOADER)";
				WRAPPER_EXTENSION = octest;
			};
			name = Debug;
		};
		515184F316CC71AC007E471F /* Release */ = {
			isa = XCBuildConfiguration;
			buildSettings = {
				BUNDLE_LOADER = "$(BUILT_PRODUCTS_DIR)/SimulatorRemoteNotificationsExample.app/SimulatorRemoteNotificationsExample";
				FRAMEWORK_SEARCH_PATHS = (
					"\"$(SDKROOT)/Developer/Library/Frameworks\"",
					"\"$(DEVELOPER_LIBRARY_DIR)/Frameworks\"",
				);
				GCC_PRECOMPILE_PREFIX_HEADER = YES;
				GCC_PREFIX_HEADER = "SimulatorRemoteNotificationsExample/SimulatorRemoteNotificationsExample-Prefix.pch";
				INFOPLIST_FILE = "SimulatorRemoteNotificationsExampleTests/SimulatorRemoteNotificationsExampleTests-Info.plist";
				PRODUCT_NAME = "$(TARGET_NAME)";
				TEST_HOST = "$(BUNDLE_LOADER)";
				WRAPPER_EXTENSION = octest;
			};
			name = Release;
		};
		517C98B818B801C800FC4694 /* Debug */ = {
			isa = XCBuildConfiguration;
			buildSettings = {
				ARCHS = "$(ARCHS_STANDARD)";
				CLANG_WARN_BOOL_CONVERSION = YES;
				CLANG_WARN_CONSTANT_CONVERSION = YES;
				CLANG_WARN_DIRECT_OBJC_ISA_USAGE = YES_ERROR;
				CLANG_WARN_ENUM_CONVERSION = YES;
				CLANG_WARN_INT_CONVERSION = YES;
				CLANG_WARN_OBJC_ROOT_CLASS = YES_ERROR;
				FRAMEWORK_SEARCH_PATHS = (
					"$(inherited)",
					"$(DEVELOPER_FRAMEWORKS_DIR)",
				);
				GCC_ENABLE_OBJC_EXCEPTIONS = YES;
				GCC_PRECOMPILE_PREFIX_HEADER = YES;
				GCC_PREFIX_HEADER = "SimulatorRemoteNotifications/SimulatorRemoteNotifications-Prefix.pch";
				GCC_PREPROCESSOR_DEFINITIONS = (
					"DEBUG=1",
					"$(inherited)",
				);
				GCC_WARN_64_TO_32_BIT_CONVERSION = YES;
				GCC_WARN_ABOUT_RETURN_TYPE = YES_ERROR;
				GCC_WARN_UNDECLARED_SELECTOR = YES;
				GCC_WARN_UNUSED_FUNCTION = YES;
				MACOSX_DEPLOYMENT_TARGET = 10.9;
				ONLY_ACTIVE_ARCH = YES;
				PRODUCT_NAME = "$(TARGET_NAME)";
				SDKROOT = macosx;
				SUPPORTED_PLATFORMS = macosx;
			};
			name = Debug;
		};
		517C98B918B801C800FC4694 /* Release */ = {
			isa = XCBuildConfiguration;
			buildSettings = {
				ARCHS = "$(ARCHS_STANDARD)";
				CLANG_WARN_BOOL_CONVERSION = YES;
				CLANG_WARN_CONSTANT_CONVERSION = YES;
				CLANG_WARN_DIRECT_OBJC_ISA_USAGE = YES_ERROR;
				CLANG_WARN_ENUM_CONVERSION = YES;
				CLANG_WARN_INT_CONVERSION = YES;
				CLANG_WARN_OBJC_ROOT_CLASS = YES_ERROR;
				DEBUG_INFORMATION_FORMAT = "dwarf-with-dsym";
				ENABLE_NS_ASSERTIONS = NO;
				FRAMEWORK_SEARCH_PATHS = (
					"$(inherited)",
					"$(DEVELOPER_FRAMEWORKS_DIR)",
				);
				GCC_ENABLE_OBJC_EXCEPTIONS = YES;
				GCC_PRECOMPILE_PREFIX_HEADER = YES;
				GCC_PREFIX_HEADER = "SimulatorRemoteNotifications/SimulatorRemoteNotifications-Prefix.pch";
				GCC_WARN_64_TO_32_BIT_CONVERSION = YES;
				GCC_WARN_ABOUT_RETURN_TYPE = YES_ERROR;
				GCC_WARN_UNDECLARED_SELECTOR = YES;
				GCC_WARN_UNUSED_FUNCTION = YES;
				MACOSX_DEPLOYMENT_TARGET = 10.9;
				ONLY_ACTIVE_ARCH = NO;
				PRODUCT_NAME = "$(TARGET_NAME)";
				SDKROOT = macosx;
				SUPPORTED_PLATFORMS = macosx;
			};
			name = Release;
		};
		5186E8D218B9A086007CA8E5 /* Debug */ = {
			isa = XCBuildConfiguration;
			buildSettings = {
				CLANG_WARN_BOOL_CONVERSION = YES;
				CLANG_WARN_CONSTANT_CONVERSION = YES;
				CLANG_WARN_DIRECT_OBJC_ISA_USAGE = YES_ERROR;
				CLANG_WARN_ENUM_CONVERSION = YES;
				CLANG_WARN_INT_CONVERSION = YES;
				CLANG_WARN_OBJC_ROOT_CLASS = YES_ERROR;
				DEBUGGING_SYMBOLS = YES;
				GCC_ENABLE_OBJC_EXCEPTIONS = YES;
				GCC_GENERATE_DEBUGGING_SYMBOLS = YES;
				GCC_OPTIMIZATION_LEVEL = 0;
				GCC_PREPROCESSOR_DEFINITIONS = (
					"DEBUG=1",
					"$(inherited)",
				);
				GCC_WARN_64_TO_32_BIT_CONVERSION = YES;
				GCC_WARN_ABOUT_RETURN_TYPE = YES_ERROR;
				GCC_WARN_UNDECLARED_SELECTOR = YES;
				GCC_WARN_UNUSED_FUNCTION = YES;
				MACOSX_DEPLOYMENT_TARGET = 10.9;
				OTHER_CFLAGS = "";
				OTHER_LDFLAGS = "";
				PRODUCT_NAME = "$(TARGET_NAME)";
				SDKROOT = macosx;
			};
			name = Debug;
		};
		5186E8D318B9A086007CA8E5 /* Release */ = {
			isa = XCBuildConfiguration;
			buildSettings = {
				CLANG_WARN_BOOL_CONVERSION = YES;
				CLANG_WARN_CONSTANT_CONVERSION = YES;
				CLANG_WARN_DIRECT_OBJC_ISA_USAGE = YES_ERROR;
				CLANG_WARN_ENUM_CONVERSION = YES;
				CLANG_WARN_INT_CONVERSION = YES;
				CLANG_WARN_OBJC_ROOT_CLASS = YES_ERROR;
				DEBUG_INFORMATION_FORMAT = "dwarf-with-dsym";
				ENABLE_NS_ASSERTIONS = NO;
				GCC_ENABLE_OBJC_EXCEPTIONS = YES;
				GCC_WARN_64_TO_32_BIT_CONVERSION = YES;
				GCC_WARN_ABOUT_RETURN_TYPE = YES_ERROR;
				GCC_WARN_UNDECLARED_SELECTOR = YES;
				GCC_WARN_UNUSED_FUNCTION = YES;
				MACOSX_DEPLOYMENT_TARGET = 10.9;
				OTHER_CFLAGS = "";
				OTHER_LDFLAGS = "";
				PRODUCT_NAME = "$(TARGET_NAME)";
				SDKROOT = macosx;
			};
			name = Release;
		};
		518829A8182AD38F00EF0ADB /* Debug */ = {
			isa = XCBuildConfiguration;
			buildSettings = {
				ASSETCATALOG_COMPILER_APPICON_NAME = AppIcon;
				ASSETCATALOG_COMPILER_LAUNCHIMAGE_NAME = LaunchImage;
				CLANG_ENABLE_MODULES = YES;
				CLANG_WARN_BOOL_CONVERSION = YES;
				CLANG_WARN_CONSTANT_CONVERSION = YES;
				CLANG_WARN_DIRECT_OBJC_ISA_USAGE = YES_ERROR;
				CLANG_WARN_ENUM_CONVERSION = YES;
				CLANG_WARN_INT_CONVERSION = YES;
				CLANG_WARN_OBJC_ROOT_CLASS = YES_ERROR;
				GCC_PRECOMPILE_PREFIX_HEADER = YES;
				GCC_PREFIX_HEADER = "SimulatorRemoteNotificationsBackgroundExample/SimulatorRemoteNotificationsBackgroundExample-Prefix.pch";
				GCC_PREPROCESSOR_DEFINITIONS = (
					"DEBUG=1",
					"$(inherited)",
				);
				GCC_WARN_64_TO_32_BIT_CONVERSION = YES;
				GCC_WARN_ABOUT_RETURN_TYPE = YES_ERROR;
				GCC_WARN_UNDECLARED_SELECTOR = YES;
				GCC_WARN_UNUSED_FUNCTION = YES;
				INFOPLIST_FILE = "SimulatorRemoteNotificationsBackgroundExample/SimulatorRemoteNotificationsBackgroundExample-Info.plist";
				IPHONEOS_DEPLOYMENT_TARGET = 7.0;
				OTHER_LDFLAGS = "-ObjC";
				PRODUCT_NAME = "$(TARGET_NAME)";
				WRAPPER_EXTENSION = app;
			};
			name = Debug;
		};
		518829A9182AD38F00EF0ADB /* Release */ = {
			isa = XCBuildConfiguration;
			buildSettings = {
				ASSETCATALOG_COMPILER_APPICON_NAME = AppIcon;
				ASSETCATALOG_COMPILER_LAUNCHIMAGE_NAME = LaunchImage;
				CLANG_ENABLE_MODULES = YES;
				CLANG_WARN_BOOL_CONVERSION = YES;
				CLANG_WARN_CONSTANT_CONVERSION = YES;
				CLANG_WARN_DIRECT_OBJC_ISA_USAGE = YES_ERROR;
				CLANG_WARN_ENUM_CONVERSION = YES;
				CLANG_WARN_INT_CONVERSION = YES;
				CLANG_WARN_OBJC_ROOT_CLASS = YES_ERROR;
				ENABLE_NS_ASSERTIONS = NO;
				GCC_PRECOMPILE_PREFIX_HEADER = YES;
				GCC_PREFIX_HEADER = "SimulatorRemoteNotificationsBackgroundExample/SimulatorRemoteNotificationsBackgroundExample-Prefix.pch";
				GCC_WARN_64_TO_32_BIT_CONVERSION = YES;
				GCC_WARN_ABOUT_RETURN_TYPE = YES_ERROR;
				GCC_WARN_UNDECLARED_SELECTOR = YES;
				GCC_WARN_UNUSED_FUNCTION = YES;
				INFOPLIST_FILE = "SimulatorRemoteNotificationsBackgroundExample/SimulatorRemoteNotificationsBackgroundExample-Info.plist";
				IPHONEOS_DEPLOYMENT_TARGET = 7.0;
				OTHER_LDFLAGS = "-ObjC";
				PRODUCT_NAME = "$(TARGET_NAME)";
				WRAPPER_EXTENSION = app;
			};
			name = Release;
		};
		51C4959B18B9B4720062E968 /* Debug */ = {
			isa = XCBuildConfiguration;
			buildSettings = {
				ASSETCATALOG_COMPILER_APPICON_NAME = AppIcon;
				CLANG_WARN_BOOL_CONVERSION = YES;
				CLANG_WARN_CONSTANT_CONVERSION = YES;
				CLANG_WARN_DIRECT_OBJC_ISA_USAGE = YES_ERROR;
				CLANG_WARN_ENUM_CONVERSION = YES;
				CLANG_WARN_INT_CONVERSION = YES;
				CLANG_WARN_OBJC_ROOT_CLASS = YES_ERROR;
				COMBINE_HIDPI_IMAGES = YES;
				FRAMEWORK_SEARCH_PATHS = (
					"$(inherited)",
					"$(DEVELOPER_FRAMEWORKS_DIR)",
				);
				GCC_ENABLE_OBJC_EXCEPTIONS = YES;
				GCC_PRECOMPILE_PREFIX_HEADER = YES;
				GCC_PREFIX_HEADER = "iOS Simulator Notifications/iOS Simulator Notifications-Prefix.pch";
				GCC_PREPROCESSOR_DEFINITIONS = (
					"DEBUG=1",
					"$(inherited)",
				);
				GCC_WARN_64_TO_32_BIT_CONVERSION = YES;
				GCC_WARN_ABOUT_RETURN_TYPE = YES_ERROR;
				GCC_WARN_UNDECLARED_SELECTOR = YES;
				GCC_WARN_UNUSED_FUNCTION = YES;
				INFOPLIST_FILE = "iOS Simulator Notifications/iOS Simulator Notifications-Info.plist";
				MACOSX_DEPLOYMENT_TARGET = 10.9;
				PRODUCT_NAME = "$(TARGET_NAME)";
				SDKROOT = macosx;
				WRAPPER_EXTENSION = app;
			};
			name = Debug;
		};
		51C4959C18B9B4720062E968 /* Release */ = {
			isa = XCBuildConfiguration;
			buildSettings = {
				ASSETCATALOG_COMPILER_APPICON_NAME = AppIcon;
				CLANG_WARN_BOOL_CONVERSION = YES;
				CLANG_WARN_CONSTANT_CONVERSION = YES;
				CLANG_WARN_DIRECT_OBJC_ISA_USAGE = YES_ERROR;
				CLANG_WARN_ENUM_CONVERSION = YES;
				CLANG_WARN_INT_CONVERSION = YES;
				CLANG_WARN_OBJC_ROOT_CLASS = YES_ERROR;
				COMBINE_HIDPI_IMAGES = YES;
				DEBUG_INFORMATION_FORMAT = "dwarf-with-dsym";
				ENABLE_NS_ASSERTIONS = NO;
				FRAMEWORK_SEARCH_PATHS = (
					"$(inherited)",
					"$(DEVELOPER_FRAMEWORKS_DIR)",
				);
				GCC_ENABLE_OBJC_EXCEPTIONS = YES;
				GCC_PRECOMPILE_PREFIX_HEADER = YES;
				GCC_PREFIX_HEADER = "iOS Simulator Notifications/iOS Simulator Notifications-Prefix.pch";
				GCC_WARN_64_TO_32_BIT_CONVERSION = YES;
				GCC_WARN_ABOUT_RETURN_TYPE = YES_ERROR;
				GCC_WARN_UNDECLARED_SELECTOR = YES;
				GCC_WARN_UNUSED_FUNCTION = YES;
				INFOPLIST_FILE = "iOS Simulator Notifications/iOS Simulator Notifications-Info.plist";
				MACOSX_DEPLOYMENT_TARGET = 10.9;
				PRODUCT_NAME = "$(TARGET_NAME)";
				SDKROOT = macosx;
				WRAPPER_EXTENSION = app;
			};
			name = Release;
		};
		51D3517918B9B0F500ECA215 /* Debug */ = {
			isa = XCBuildConfiguration;
			buildSettings = {
				ARCHS = "$(ARCHS_STANDARD)";
				CLANG_WARN_BOOL_CONVERSION = YES;
				CLANG_WARN_CONSTANT_CONVERSION = YES;
				CLANG_WARN_DIRECT_OBJC_ISA_USAGE = YES_ERROR;
				CLANG_WARN_ENUM_CONVERSION = YES;
				CLANG_WARN_INT_CONVERSION = YES;
				CLANG_WARN_OBJC_ROOT_CLASS = YES_ERROR;
				FRAMEWORK_SEARCH_PATHS = (
					"$(inherited)",
					"$(DEVELOPER_FRAMEWORKS_DIR)",
				);
				GCC_ENABLE_OBJC_EXCEPTIONS = YES;
				GCC_PRECOMPILE_PREFIX_HEADER = YES;
				GCC_PREFIX_HEADER = "SimulatorRemoteNotifications/SimulatorRemoteNotifications-Prefix.pch";
				GCC_PREPROCESSOR_DEFINITIONS = (
					"DEBUG=1",
					"$(inherited)",
				);
				GCC_WARN_64_TO_32_BIT_CONVERSION = YES;
				GCC_WARN_ABOUT_RETURN_TYPE = YES_ERROR;
				GCC_WARN_UNDECLARED_SELECTOR = YES;
				GCC_WARN_UNUSED_FUNCTION = YES;
				MACOSX_DEPLOYMENT_TARGET = 10.9;
				ONLY_ACTIVE_ARCH = YES;
				PRODUCT_NAME = "$(TARGET_NAME)";
				SDKROOT = iphoneos;
				SUPPORTED_PLATFORMS = "iphonesimulator iphoneos";
			};
			name = Debug;
		};
		51D3517A18B9B0F500ECA215 /* Release */ = {
			isa = XCBuildConfiguration;
			buildSettings = {
				ARCHS = "$(ARCHS_STANDARD)";
				CLANG_WARN_BOOL_CONVERSION = YES;
				CLANG_WARN_CONSTANT_CONVERSION = YES;
				CLANG_WARN_DIRECT_OBJC_ISA_USAGE = YES_ERROR;
				CLANG_WARN_ENUM_CONVERSION = YES;
				CLANG_WARN_INT_CONVERSION = YES;
				CLANG_WARN_OBJC_ROOT_CLASS = YES_ERROR;
				DEBUG_INFORMATION_FORMAT = "dwarf-with-dsym";
				ENABLE_NS_ASSERTIONS = NO;
				FRAMEWORK_SEARCH_PATHS = (
					"$(inherited)",
					"$(DEVELOPER_FRAMEWORKS_DIR)",
				);
				GCC_ENABLE_OBJC_EXCEPTIONS = YES;
				GCC_PRECOMPILE_PREFIX_HEADER = YES;
				GCC_PREFIX_HEADER = "SimulatorRemoteNotifications/SimulatorRemoteNotifications-Prefix.pch";
				GCC_WARN_64_TO_32_BIT_CONVERSION = YES;
				GCC_WARN_ABOUT_RETURN_TYPE = YES_ERROR;
				GCC_WARN_UNDECLARED_SELECTOR = YES;
				GCC_WARN_UNUSED_FUNCTION = YES;
				MACOSX_DEPLOYMENT_TARGET = 10.9;
				ONLY_ACTIVE_ARCH = NO;
				PRODUCT_NAME = "$(TARGET_NAME)";
				SDKROOT = iphoneos;
				SUPPORTED_PLATFORMS = "iphonesimulator iphoneos";
			};
			name = Release;
		};
		51EB437218B82B77002479EA /* Debug */ = {
			isa = XCBuildConfiguration;
			buildSettings = {
				BUNDLE_LOADER = "$(BUILT_PRODUCTS_DIR)/SimulatorRemoteNotificationsBackgroundExample.app/SimulatorRemoteNotificationsBackgroundExample";
				CLANG_ENABLE_MODULES = YES;
				CLANG_WARN_BOOL_CONVERSION = YES;
				CLANG_WARN_CONSTANT_CONVERSION = YES;
				CLANG_WARN_DIRECT_OBJC_ISA_USAGE = YES_ERROR;
				CLANG_WARN_ENUM_CONVERSION = YES;
				CLANG_WARN_INT_CONVERSION = YES;
				CLANG_WARN_OBJC_ROOT_CLASS = YES_ERROR;
				FRAMEWORK_SEARCH_PATHS = (
					"$(SDKROOT)/Developer/Library/Frameworks",
					"$(inherited)",
					"$(DEVELOPER_FRAMEWORKS_DIR)",
				);
				GCC_PRECOMPILE_PREFIX_HEADER = YES;
				GCC_PREFIX_HEADER = "SimulatorRemoteNotificationsBackgroundExampleTests/SimulatorRemoteNotificationsBackgroundExampleTests-Prefix.pch";
				GCC_PREPROCESSOR_DEFINITIONS = (
					"DEBUG=1",
					"$(inherited)",
				);
				GCC_WARN_64_TO_32_BIT_CONVERSION = YES;
				GCC_WARN_ABOUT_RETURN_TYPE = YES_ERROR;
				GCC_WARN_UNDECLARED_SELECTOR = YES;
				GCC_WARN_UNUSED_FUNCTION = YES;
				INFOPLIST_FILE = "SimulatorRemoteNotificationsBackgroundExampleTests/SimulatorRemoteNotificationsBackgroundExampleTests-Info.plist";
				IPHONEOS_DEPLOYMENT_TARGET = 7.0;
				PRODUCT_NAME = "$(TARGET_NAME)";
				TEST_HOST = "$(BUNDLE_LOADER)";
				WRAPPER_EXTENSION = octest;
			};
			name = Debug;
		};
		51EB437318B82B77002479EA /* Release */ = {
			isa = XCBuildConfiguration;
			buildSettings = {
				BUNDLE_LOADER = "$(BUILT_PRODUCTS_DIR)/SimulatorRemoteNotificationsBackgroundExample.app/SimulatorRemoteNotificationsBackgroundExample";
				CLANG_ENABLE_MODULES = YES;
				CLANG_WARN_BOOL_CONVERSION = YES;
				CLANG_WARN_CONSTANT_CONVERSION = YES;
				CLANG_WARN_DIRECT_OBJC_ISA_USAGE = YES_ERROR;
				CLANG_WARN_ENUM_CONVERSION = YES;
				CLANG_WARN_INT_CONVERSION = YES;
				CLANG_WARN_OBJC_ROOT_CLASS = YES_ERROR;
				ENABLE_NS_ASSERTIONS = NO;
				FRAMEWORK_SEARCH_PATHS = (
					"$(SDKROOT)/Developer/Library/Frameworks",
					"$(inherited)",
					"$(DEVELOPER_FRAMEWORKS_DIR)",
				);
				GCC_PRECOMPILE_PREFIX_HEADER = YES;
				GCC_PREFIX_HEADER = "SimulatorRemoteNotificationsBackgroundExampleTests/SimulatorRemoteNotificationsBackgroundExampleTests-Prefix.pch";
				GCC_WARN_64_TO_32_BIT_CONVERSION = YES;
				GCC_WARN_ABOUT_RETURN_TYPE = YES_ERROR;
				GCC_WARN_UNDECLARED_SELECTOR = YES;
				GCC_WARN_UNUSED_FUNCTION = YES;
				INFOPLIST_FILE = "SimulatorRemoteNotificationsBackgroundExampleTests/SimulatorRemoteNotificationsBackgroundExampleTests-Info.plist";
				IPHONEOS_DEPLOYMENT_TARGET = 7.0;
				PRODUCT_NAME = "$(TARGET_NAME)";
				TEST_HOST = "$(BUNDLE_LOADER)";
				WRAPPER_EXTENSION = octest;
			};
			name = Release;
		};
/* End XCBuildConfiguration section */

/* Begin XCConfigurationList section */
		515184B516CC71AC007E471F /* Build configuration list for PBXProject "SimulatorRemoteNotifications" */ = {
			isa = XCConfigurationList;
			buildConfigurations = (
				515184EC16CC71AC007E471F /* Debug */,
				515184ED16CC71AC007E471F /* Release */,
			);
			defaultConfigurationIsVisible = 0;
			defaultConfigurationName = Release;
		};
		515184EE16CC71AC007E471F /* Build configuration list for PBXNativeTarget "SimulatorRemoteNotificationsExample" */ = {
			isa = XCConfigurationList;
			buildConfigurations = (
				515184EF16CC71AC007E471F /* Debug */,
				515184F016CC71AC007E471F /* Release */,
			);
			defaultConfigurationIsVisible = 0;
			defaultConfigurationName = Release;
		};
		515184F116CC71AC007E471F /* Build configuration list for PBXNativeTarget "SimulatorRemoteNotificationsExampleTests" */ = {
			isa = XCConfigurationList;
			buildConfigurations = (
				515184F216CC71AC007E471F /* Debug */,
				515184F316CC71AC007E471F /* Release */,
			);
			defaultConfigurationIsVisible = 0;
			defaultConfigurationName = Release;
		};
		517C98BC18B801C800FC4694 /* Build configuration list for PBXNativeTarget "SimulatorRemoteNotifications-OSX" */ = {
			isa = XCConfigurationList;
			buildConfigurations = (
				517C98B818B801C800FC4694 /* Debug */,
				517C98B918B801C800FC4694 /* Release */,
			);
			defaultConfigurationIsVisible = 0;
			defaultConfigurationName = Release;
		};
		5186E8D418B9A086007CA8E5 /* Build configuration list for PBXLegacyTarget "Documentation" */ = {
			isa = XCConfigurationList;
			buildConfigurations = (
				5186E8D218B9A086007CA8E5 /* Debug */,
				5186E8D318B9A086007CA8E5 /* Release */,
			);
			defaultConfigurationIsVisible = 0;
			defaultConfigurationName = Release;
		};
		518829AC182AD38F00EF0ADB /* Build configuration list for PBXNativeTarget "SimulatorRemoteNotificationsBackgroundExample" */ = {
			isa = XCConfigurationList;
			buildConfigurations = (
				518829A8182AD38F00EF0ADB /* Debug */,
				518829A9182AD38F00EF0ADB /* Release */,
			);
			defaultConfigurationIsVisible = 0;
			defaultConfigurationName = Release;
		};
		51C4959F18B9B4720062E968 /* Build configuration list for PBXNativeTarget "iOS Simulator Notifications" */ = {
			isa = XCConfigurationList;
			buildConfigurations = (
				51C4959B18B9B4720062E968 /* Debug */,
				51C4959C18B9B4720062E968 /* Release */,
			);
			defaultConfigurationIsVisible = 0;
		};
		51D3517818B9B0F500ECA215 /* Build configuration list for PBXNativeTarget "SimulatorRemoteNotifications-iOS" */ = {
			isa = XCConfigurationList;
			buildConfigurations = (
				51D3517918B9B0F500ECA215 /* Debug */,
				51D3517A18B9B0F500ECA215 /* Release */,
			);
			defaultConfigurationIsVisible = 0;
			defaultConfigurationName = Release;
		};
		51EB437118B82B77002479EA /* Build configuration list for PBXNativeTarget "SimulatorRemoteNotificationsBackgroundExampleTests" */ = {
			isa = XCConfigurationList;
			buildConfigurations = (
				51EB437218B82B77002479EA /* Debug */,
				51EB437318B82B77002479EA /* Release */,
			);
			defaultConfigurationIsVisible = 0;
			defaultConfigurationName = Release;
		};
/* End XCConfigurationList section */
	};
	rootObject = 515184B216CC71AC007E471F /* Project object */;
}
